// !$*UTF8*$!
{
	archiveVersion = 1;
	classes = {
	};
	objectVersion = 46;
	objects = {

/* Begin PBXBuildFile section */
		3CB402621F3173FB009BADBF /* AppDelegate.swift in Sources */ = {isa = PBXBuildFile; fileRef = 3CB402611F3173FB009BADBF /* AppDelegate.swift */; };
		3CB402641F3173FB009BADBF /* ViewController.swift in Sources */ = {isa = PBXBuildFile; fileRef = 3CB402631F3173FB009BADBF /* ViewController.swift */; };
		3CB402671F3173FB009BADBF /* Main.storyboard in Resources */ = {isa = PBXBuildFile; fileRef = 3CB402651F3173FB009BADBF /* Main.storyboard */; };
		3CB402691F3173FB009BADBF /* Assets.xcassets in Resources */ = {isa = PBXBuildFile; fileRef = 3CB402681F3173FB009BADBF /* Assets.xcassets */; };
		3CB4026C1F3173FB009BADBF /* LaunchScreen.storyboard in Resources */ = {isa = PBXBuildFile; fileRef = 3CB4026A1F3173FB009BADBF /* LaunchScreen.storyboard */; };
		3CB402741F3175AB009BADBF /* NSString+Extension.swift in Sources */ = {isa = PBXBuildFile; fileRef = 3CB402731F3175AB009BADBF /* NSString+Extension.swift */; };
/* End PBXBuildFile section */

/* Begin PBXFileReference section */
		3CB4025E1F3173FB009BADBF /* BigBang.Swift.app */ = {isa = PBXFileReference; explicitFileType = wrapper.application; includeInIndex = 0; path = BigBang.Swift.app; sourceTree = BUILT_PRODUCTS_DIR; };
		3CB402611F3173FB009BADBF /* AppDelegate.swift */ = {isa = PBXFileReference; lastKnownFileType = sourcecode.swift; path = AppDelegate.swift; sourceTree = "<group>"; };
		3CB402631F3173FB009BADBF /* ViewController.swift */ = {isa = PBXFileReference; lastKnownFileType = sourcecode.swift; path = ViewController.swift; sourceTree = "<group>"; };
		3CB402661F3173FB009BADBF /* Base */ = {isa = PBXFileReference; lastKnownFileType = file.storyboard; name = Base; path = Base.lproj/Main.storyboard; sourceTree = "<group>"; };
		3CB402681F3173FB009BADBF /* Assets.xcassets */ = {isa = PBXFileReference; lastKnownFileType = folder.assetcatalog; path = Assets.xcassets; sourceTree = "<group>"; };
		3CB4026B1F3173FB009BADBF /* Base */ = {isa = PBXFileReference; lastKnownFileType = file.storyboard; name = Base; path = Base.lproj/LaunchScreen.storyboard; sourceTree = "<group>"; };
		3CB4026D1F3173FB009BADBF /* Info.plist */ = {isa = PBXFileReference; lastKnownFileType = text.plist.xml; path = Info.plist; sourceTree = "<group>"; };
		3CB402731F3175AB009BADBF /* NSString+Extension.swift */ = {isa = PBXFileReference; fileEncoding = 4; lastKnownFileType = sourcecode.swift; path = "NSString+Extension.swift"; sourceTree = "<group>"; };
/* End PBXFileReference section */

/* Begin PBXFrameworksBuildPhase section */
		3CB4025B1F3173FB009BADBF /* Frameworks */ = {
			isa = PBXFrameworksBuildPhase;
			buildActionMask = 2147483647;
			files = (
			);
			runOnlyForDeploymentPostprocessing = 0;
		};
/* End PBXFrameworksBuildPhase section */

/* Begin PBXGroup section */
		3CB402551F3173FB009BADBF = {
			isa = PBXGroup;
			children = (
				3CB402601F3173FB009BADBF /* BigBang.Swift */,
				3CB4025F1F3173FB009BADBF /* Products */,
			);
			sourceTree = "<group>";
		};
		3CB4025F1F3173FB009BADBF /* Products */ = {
			isa = PBXGroup;
			children = (
				3CB4025E1F3173FB009BADBF /* BigBang.Swift.app */,
			);
			name = Products;
			sourceTree = "<group>";
		};
		3CB402601F3173FB009BADBF /* BigBang.Swift */ = {
			isa = PBXGroup;
			children = (
				3CB402731F3175AB009BADBF /* NSString+Extension.swift */,
				3CB402611F3173FB009BADBF /* AppDelegate.swift */,
				3CB402631F3173FB009BADBF /* ViewController.swift */,
				3CB402651F3173FB009BADBF /* Main.storyboard */,
				3CB402681F3173FB009BADBF /* Assets.xcassets */,
				3CB4026A1F3173FB009BADBF /* LaunchScreen.storyboard */,
				3CB4026D1F3173FB009BADBF /* Info.plist */,
			);
			path = BigBang.Swift;
			sourceTree = "<group>";
		};
/* End PBXGroup section */

/* Begin PBXNativeTarget section */
		3CB4025D1F3173FB009BADBF /* BigBang.Swift */ = {
			isa = PBXNativeTarget;
			buildConfigurationList = 3CB402701F3173FB009BADBF /* Build configuration list for PBXNativeTarget "BigBang.Swift" */;
			buildPhases = (
				3CB4025A1F3173FB009BADBF /* Sources */,
				3CB4025B1F3173FB009BADBF /* Frameworks */,
				3CB4025C1F3173FB009BADBF /* Resources */,
			);
			buildRules = (
			);
			dependencies = (
			);
			name = BigBang.Swift;
			productName = BigBang.Swift;
			productReference = 3CB4025E1F3173FB009BADBF /* BigBang.Swift.app */;
			productType = "com.apple.product-type.application";
		};
/* End PBXNativeTarget section */

/* Begin PBXProject section */
		3CB402561F3173FB009BADBF /* Project object */ = {
			isa = PBXProject;
			attributes = {
				LastSwiftUpdateCheck = 0830;
				LastUpgradeCheck = 0830;
				ORGANIZATIONNAME = ttpai;
				TargetAttributes = {
					3CB4025D1F3173FB009BADBF = {
						CreatedOnToolsVersion = 8.3.3;
						DevelopmentTeam = QNJA87PUWE;
						ProvisioningStyle = Automatic;
					};
				};
			};
			buildConfigurationList = 3CB402591F3173FB009BADBF /* Build configuration list for PBXProject "BigBang.Swift" */;
			compatibilityVersion = "Xcode 3.2";
			developmentRegion = English;
			hasScannedForEncodings = 0;
			knownRegions = (
				en,
				Base,
			);
			mainGroup = 3CB402551F3173FB009BADBF;
			productRefGroup = 3CB4025F1F3173FB009BADBF /* Products */;
			projectDirPath = "";
			projectRoot = "";
			targets = (
				3CB4025D1F3173FB009BADBF /* BigBang.Swift */,
			);
		};
/* End PBXProject section */

/* Begin PBXResourcesBuildPhase section */
		3CB4025C1F3173FB009BADBF /* Resources */ = {
			isa = PBXResourcesBuildPhase;
			buildActionMask = 2147483647;
			files = (
				3CB4026C1F3173FB009BADBF /* LaunchScreen.storyboard in Resources */,
				3CB402691F3173FB009BADBF /* Assets.xcassets in Resources */,
				3CB402671F3173FB009BADBF /* Main.storyboard in Resources */,
			);
			runOnlyForDeploymentPostprocessing = 0;
		};
/* End PBXResourcesBuildPhase section */

/* Begin PBXSourcesBuildPhase section */
		3CB4025A1F3173FB009BADBF /* Sources */ = {
			isa = PBXSourcesBuildPhase;
			buildActionMask = 2147483647;
			files = (
				3CB402741F3175AB009BADBF /* NSString+Extension.swift in Sources */,
				3CB402641F3173FB009BADBF /* ViewController.swift in Sources */,
				3CB402621F3173FB009BADBF /* AppDelegate.swift in Sources */,
			);
			runOnlyForDeploymentPostprocessing = 0;
		};
/* End PBXSourcesBuildPhase section */

/* Begin PBXVariantGroup section */
		3CB402651F3173FB009BADBF /* Main.storyboard */ = {
			isa = PBXVariantGroup;
			children = (
				3CB402661F3173FB009BADBF /* Base */,
			);
			name = Main.storyboard;
			sourceTree = "<group>";
		};
		3CB4026A1F3173FB009BADBF /* LaunchScreen.storyboard */ = {
			isa = PBXVariantGroup;
			children = (
				3CB4026B1F3173FB009BADBF /* Base */,
			);
			name = LaunchScreen.storyboard;
			sourceTree = "<group>";
		};
/* End PBXVariantGroup section */

/* Begin XCBuildConfiguration section */
		3CB4026E1F3173FB009BADBF /* Debug */ = {
			isa = XCBuildConfiguration;
			buildSettings = {
				ALWAYS_SEARCH_USER_PATHS = NO;
				CLANG_ANALYZER_NONNULL = YES;
				CLANG_ANALYZER_NUMBER_OBJECT_CONVERSION = YES_AGGRESSIVE;
				CLANG_CXX_LANGUAGE_STANDARD = "gnu++0x";
				CLANG_CXX_LIBRARY = "libc++";
				CLANG_ENABLE_MODULES = YES;
				CLANG_ENABLE_OBJC_ARC = YES;
				CLANG_WARN_BOOL_CONVERSION = YES;
				CLANG_WARN_CONSTANT_CONVERSION = YES;
				CLANG_WARN_DIRECT_OBJC_ISA_USAGE = YES_ERROR;
				CLANG_WARN_DOCUMENTATION_COMMENTS = YES;
				CLANG_WARN_EMPTY_BODY = YES;
				CLANG_WARN_ENUM_CONVERSION = YES;
				CLANG_WARN_INFINITE_RECURSION = YES;
				CLANG_WARN_INT_CONVERSION = YES;
				CLANG_WARN_OBJC_ROOT_CLASS = YES_ERROR;
				CLANG_WARN_SUSPICIOUS_MOVE = YES;
				CLANG_WARN_UNREACHABLE_CODE = YES;
				CLANG_WARN__DUPLICATE_METHOD_MATCH = YES;
				"CODE_SIGN_IDENTITY[sdk=iphoneos*]" = "iPhone Developer";
				COPY_PHASE_STRIP = NO;
				DEBUG_INFORMATION_FORMAT = dwarf;
				ENABLE_STRICT_OBJC_MSGSEND = YES;
				ENABLE_TESTABILITY = YES;
				GCC_C_LANGUAGE_STANDARD = gnu99;
				GCC_DYNAMIC_NO_PIC = NO;
				GCC_NO_COMMON_BLOCKS = YES;
				GCC_OPTIMIZATION_LEVEL = 0;
				GCC_PREPROCESSOR_DEFINITIONS = (
					"DEBUG=1",
					"$(inherited)",
				);
				GCC_WARN_64_TO_32_BIT_CONVERSION = YES;
				GCC_WARN_ABOUT_RETURN_TYPE = YES_ERROR;
				GCC_WARN_UNDECLARED_SELECTOR = YES;
				GCC_WARN_UNINITIALIZED_AUTOS = YES_AGGRESSIVE;
				GCC_WARN_UNUSED_FUNCTION = YES;
				GCC_WARN_UNUSED_VARIABLE = YES;
				IPHONEOS_DEPLOYMENT_TARGET = 10.3;
				MTL_ENABLE_DEBUG_INFO = YES;
				ONLY_ACTIVE_ARCH = YES;
				SDKROOT = iphoneos;
				SWIFT_ACTIVE_COMPILATION_CONDITIONS = DEBUG;
				SWIFT_OPTIMIZATION_LEVEL = "-Onone";
				TARGETED_DEVICE_FAMILY = "1,2";
			};
			name = Debug;
		};
		3CB4026F1F3173FB009BADBF /* Release */ = {
			isa = XCBuildConfiguration;
			buildSettings = {
				ALWAYS_SEARCH_USER_PATHS = NO;
				CLANG_ANALYZER_NONNULL = YES;
				CLANG_ANALYZER_NUMBER_OBJECT_CONVERSION = YES_AGGRESSIVE;
				CLANG_CXX_LANGUAGE_STANDARD = "gnu++0x";
				CLANG_CXX_LIBRARY = "libc++";
				CLANG_ENABLE_MODULES = YES;
				CLANG_ENABLE_OBJC_ARC = YES;
				CLANG_WARN_BOOL_CONVERSION = YES;
				CLANG_WARN_CONSTANT_CONVERSION = YES;
				CLANG_WARN_DIRECT_OBJC_ISA_USAGE = YES_ERROR;
				CLANG_WARN_DOCUMENTATION_COMMENTS = YES;
				CLANG_WARN_EMPTY_BODY = YES;
				CLANG_WARN_ENUM_CONVERSION = YES;
				CLANG_WARN_INFINITE_RECURSION = YES;
				CLANG_WARN_INT_CONVERSION = YES;
				CLANG_WARN_OBJC_ROOT_CLASS = YES_ERROR;
				CLANG_WARN_SUSPICIOUS_MOVE = YES;
				CLANG_WARN_UNREACHABLE_CODE = YES;
				CLANG_WARN__DUPLICATE_METHOD_MATCH = YES;
				"CODE_SIGN_IDENTITY[sdk=iphoneos*]" = "iPhone Developer";
				COPY_PHASE_STRIP = NO;
				DEBUG_INFORMATION_FORMAT = "dwarf-with-dsym";
				ENABLE_NS_ASSERTIONS = NO;
				ENABLE_STRICT_OBJC_MSGSEND = YES;
				GCC_C_LANGUAGE_STANDARD = gnu99;
				GCC_NO_COMMON_BLOCKS = YES;
				GCC_WARN_64_TO_32_BIT_CONVERSION = YES;
				GCC_WARN_ABOUT_RETURN_TYPE = YES_ERROR;
				GCC_WARN_UNDECLARED_SELECTOR = YES;
				GCC_WARN_UNINITIALIZED_AUTOS = YES_AGGRESSIVE;
				GCC_WARN_UNUSED_FUNCTION = YES;
				GCC_WARN_UNUSED_VARIABLE = YES;
				IPHONEOS_DEPLOYMENT_TARGET = 10.3;
				MTL_ENABLE_DEBUG_INFO = NO;
				SDKROOT = iphoneos;
				SWIFT_OPTIMIZATION_LEVEL = "-Owholemodule";
				TARGETED_DEVICE_FAMILY = "1,2";
				VALIDATE_PRODUCT = YES;
			};
			name = Release;
		};
		3CB402711F3173FB009BADBF /* Debug */ = {
			isa = XCBuildConfiguration;
			buildSettings = {
				ASSETCATALOG_COMPILER_APPICON_NAME = AppIcon;
				DEVELOPMENT_TEAM = QNJA87PUWE;
				INFOPLIST_FILE = BigBang.Swift/Info.plist;
				LD_RUNPATH_SEARCH_PATHS = "$(inherited) @executable_path/Frameworks";
				PRODUCT_BUNDLE_IDENTIFIER = "cn.AylerLee.BigBang-Swift";
				PRODUCT_NAME = "$(TARGET_NAME)";
				SWIFT_VERSION = 3.0;
			};
			name = Debug;
		};
		3CB402721F3173FB009BADBF /* Release */ = {
			isa = XCBuildConfiguration;
			buildSettings = {
				ASSETCATALOG_COMPILER_APPICON_NAME = AppIcon;
				DEVELOPMENT_TEAM = QNJA87PUWE;
				INFOPLIST_FILE = BigBang.Swift/Info.plist;
				LD_RUNPATH_SEARCH_PATHS = "$(inherited) @executable_path/Frameworks";
				PRODUCT_BUNDLE_IDENTIFIER = "cn.AylerLee.BigBang-Swift";
				PRODUCT_NAME = "$(TARGET_NAME)";
				SWIFT_VERSION = 3.0;
			};
			name = Release;
		};
/* End XCBuildConfiguration section */

/* Begin XCConfigurationList section */
		3CB402591F3173FB009BADBF /* Build configuration list for PBXProject "BigBang.Swift" */ = {
			isa = XCConfigurationList;
			buildConfigurations = (
				3CB4026E1F3173FB009BADBF /* Debug */,
				3CB4026F1F3173FB009BADBF /* Release */,
			);
			defaultConfigurationIsVisible = 0;
			defaultConfigurationName = Release;
		};
		3CB402701F3173FB009BADBF /* Build configuration list for PBXNativeTarget "BigBang.Swift" */ = {
			isa = XCConfigurationList;
			buildConfigurations = (
				3CB402711F3173FB009BADBF /* Debug */,
				3CB402721F3173FB009BADBF /* Release */,
			);
			defaultConfigurationIsVisible = 0;
		};
/* End XCConfigurationList section */
	};
	rootObject = 3CB402561F3173FB009BADBF /* Project object */;
}
